
Microsoft Visual Studio Solution File, Format Version 12.00
# Visual Studio Version 17
VisualStudioVersion = 17.2.32616.157
MinimumVisualStudioVersion = 10.0.40219.1
Project("{FAE04EC0-301F-11D3-BF4B-00C04F79EFBC}") = "UP4_3", "UP4_3\UP4_3.csproj", "{98CFF5B2-4AB7-4614-BF84-2A332FC6EBC7}"
EndProject
Global
	GlobalSection(SolutionConfigurationPlatforms) = preSolution
		Debug|Any CPU = Debug|Any CPU
		Release|Any CPU = Release|Any CPU
	EndGlobalSection
	GlobalSection(ProjectConfigurationPlatforms) = postSolution
		{98CFF5B2-4AB7-4614-BF84-2A332FC6EBC7}.Debug|Any CPU.ActiveCfg = Debug|Any CPU
		{98CFF5B2-4AB7-4614-BF84-2A332FC6EBC7}.Debug|Any CPU.Build.0 = Debug|Any CPU
		{98CFF5B2-4AB7-4614-BF84-2A332FC6EBC7}.Release|Any CPU.ActiveCfg = Release|Any CPU
		{98CFF5B2-4AB7-4614-BF84-2A332FC6EBC7}.Release|Any CPU.Build.0 = Release|Any CPU
	EndGlobalSection
	GlobalSection(SolutionProperties) = preSolution
		HideSolutionNode = FALSE
	EndGlobalSection
	GlobalSection(ExtensibilityGlobals) = postSolution
		SolutionGuid = {69997B3F-A707-4283-8493-0C5C125256EB}
	EndGlobalSection
EndGlobal
